
Microsoft Visual Studio Solution File, Format Version 12.00
# Visual Studio Version 17
VisualStudioVersion = 17.6.33829.357
MinimumVisualStudioVersion = 10.0.40219.1
Project("{FAE04EC0-301F-11D3-BF4B-00C04F79EFBC}") = "Abstract", "Abstract\Abstract.csproj", "{FAB41A66-B04F-43F3-953C-AE7E21727D17}"
EndProject
Project("{FAE04EC0-301F-11D3-BF4B-00C04F79EFBC}") = "AccessModifier", "AccessModifier\AccessModifier.csproj", "{FC81C70A-E2AA-4AC5-A0C2-F777363B08B5}"
EndProject
Global
	GlobalSection(SolutionConfigurationPlatforms) = preSolution
		Debug|Any CPU = Debug|Any CPU
		Release|Any CPU = Release|Any CPU
	EndGlobalSection
	GlobalSection(ProjectConfigurationPlatforms) = postSolution
		{FAB41A66-B04F-43F3-953C-AE7E21727D17}.Debug|Any CPU.ActiveCfg = Debug|Any CPU
		{FAB41A66-B04F-43F3-953C-AE7E21727D17}.Debug|Any CPU.Build.0 = Debug|Any CPU
		{FAB41A66-B04F-43F3-953C-AE7E21727D17}.Release|Any CPU.ActiveCfg = Release|Any CPU
		{FAB41A66-B04F-43F3-953C-AE7E21727D17}.Release|Any CPU.Build.0 = Release|Any CPU
		{FC81C70A-E2AA-4AC5-A0C2-F777363B08B5}.Debug|Any CPU.ActiveCfg = Debug|Any CPU
		{FC81C70A-E2AA-4AC5-A0C2-F777363B08B5}.Debug|Any CPU.Build.0 = Debug|Any CPU
		{FC81C70A-E2AA-4AC5-A0C2-F777363B08B5}.Release|Any CPU.ActiveCfg = Release|Any CPU
		{FC81C70A-E2AA-4AC5-A0C2-F777363B08B5}.Release|Any CPU.Build.0 = Release|Any CPU
	EndGlobalSection
	GlobalSection(SolutionProperties) = preSolution
		HideSolutionNode = FALSE
	EndGlobalSection
	GlobalSection(ExtensibilityGlobals) = postSolution
		SolutionGuid = {063A494E-ACA8-4C59-831C-14A0CD757A5B}
	EndGlobalSection
EndGlobal
